
Microsoft Visual Studio Solution File, Format Version 12.00
# Visual Studio Version 17
VisualStudioVersion = 17.3.32825.248
MinimumVisualStudioVersion = 10.0.40219.1
Project("{FAE04EC0-301F-11D3-BF4B-00C04F79EFBC}") = "SimpleCode", "SimpleCode\SimpleCode.csproj", "{9776584E-68C1-491E-A316-D6EDF40E476D}"
EndProject
Global
	GlobalSection(SolutionConfigurationPlatforms) = preSolution
		Debug|Any CPU = Debug|Any CPU
		Release|Any CPU = Release|Any CPU
	EndGlobalSection
	GlobalSection(ProjectConfigurationPlatforms) = postSolution
		{9776584E-68C1-491E-A316-D6EDF40E476D}.Debug|Any CPU.ActiveCfg = Debug|Any CPU
		{9776584E-68C1-491E-A316-D6EDF40E476D}.Debug|Any CPU.Build.0 = Debug|Any CPU
		{9776584E-68C1-491E-A316-D6EDF40E476D}.Release|Any CPU.ActiveCfg = Release|Any CPU
		{9776584E-68C1-491E-A316-D6EDF40E476D}.Release|Any CPU.Build.0 = Release|Any CPU
	EndGlobalSection
	GlobalSection(SolutionProperties) = preSolution
		HideSolutionNode = FALSE
	EndGlobalSection
	GlobalSection(ExtensibilityGlobals) = postSolution
		SolutionGuid = {6FBDFFA9-7D3F-4E97-A83F-C90CFEEC6532}
	EndGlobalSection
EndGlobal
