
Microsoft Visual Studio Solution File, Format Version 12.00
# Visual Studio Version 17
VisualStudioVersion = 17.3.32825.248
MinimumVisualStudioVersion = 10.0.40219.1
Project("{FAE04EC0-301F-11D3-BF4B-00C04F79EFBC}") = "LabaratoryWork2", "LabaratoryWork2\LabaratoryWork2.csproj", "{26D1BA17-F297-49F1-9D1B-8FF203B4D948}"
EndProject
Project("{FAE04EC0-301F-11D3-BF4B-00C04F79EFBC}") = "TestProject1", "TestProject1\TestProject1.csproj", "{AFA6DA99-AB7C-47DC-971A-CE84FA9C6030}"
EndProject
Global
	GlobalSection(SolutionConfigurationPlatforms) = preSolution
		Debug|Any CPU = Debug|Any CPU
		Release|Any CPU = Release|Any CPU
	EndGlobalSection
	GlobalSection(ProjectConfigurationPlatforms) = postSolution
		{26D1BA17-F297-49F1-9D1B-8FF203B4D948}.Debug|Any CPU.ActiveCfg = Debug|Any CPU
		{26D1BA17-F297-49F1-9D1B-8FF203B4D948}.Debug|Any CPU.Build.0 = Debug|Any CPU
		{26D1BA17-F297-49F1-9D1B-8FF203B4D948}.Release|Any CPU.ActiveCfg = Release|Any CPU
		{26D1BA17-F297-49F1-9D1B-8FF203B4D948}.Release|Any CPU.Build.0 = Release|Any CPU
		{AFA6DA99-AB7C-47DC-971A-CE84FA9C6030}.Debug|Any CPU.ActiveCfg = Debug|Any CPU
		{AFA6DA99-AB7C-47DC-971A-CE84FA9C6030}.Debug|Any CPU.Build.0 = Debug|Any CPU
		{AFA6DA99-AB7C-47DC-971A-CE84FA9C6030}.Release|Any CPU.ActiveCfg = Release|Any CPU
		{AFA6DA99-AB7C-47DC-971A-CE84FA9C6030}.Release|Any CPU.Build.0 = Release|Any CPU
	EndGlobalSection
	GlobalSection(SolutionProperties) = preSolution
		HideSolutionNode = FALSE
	EndGlobalSection
	GlobalSection(ExtensibilityGlobals) = postSolution
		SolutionGuid = {73B77A15-4661-4667-A66A-929BACDD3F39}
	EndGlobalSection
EndGlobal
