
Microsoft Visual Studio Solution File, Format Version 12.00
# Visual Studio Version 17
VisualStudioVersion = 17.3.32825.248
MinimumVisualStudioVersion = 10.0.40219.1
Project("{FAE04EC0-301F-11D3-BF4B-00C04F79EFBC}") = "LaboratoryWork", "LaboratoryWork\LaboratoryWork.csproj", "{C5675589-F610-4116-83CB-DBAE1D4BF5D3}"
EndProject
Project("{FAE04EC0-301F-11D3-BF4B-00C04F79EFBC}") = "TickTest", "TickTest\TickTest.csproj", "{BDBC6146-8E4B-423D-B45B-4AA0219EFC11}"
EndProject
Global
	GlobalSection(SolutionConfigurationPlatforms) = preSolution
		Debug|Any CPU = Debug|Any CPU
		Release|Any CPU = Release|Any CPU
	EndGlobalSection
	GlobalSection(ProjectConfigurationPlatforms) = postSolution
		{C5675589-F610-4116-83CB-DBAE1D4BF5D3}.Debug|Any CPU.ActiveCfg = Debug|Any CPU
		{C5675589-F610-4116-83CB-DBAE1D4BF5D3}.Debug|Any CPU.Build.0 = Debug|Any CPU
		{C5675589-F610-4116-83CB-DBAE1D4BF5D3}.Release|Any CPU.ActiveCfg = Release|Any CPU
		{C5675589-F610-4116-83CB-DBAE1D4BF5D3}.Release|Any CPU.Build.0 = Release|Any CPU
		{BDBC6146-8E4B-423D-B45B-4AA0219EFC11}.Debug|Any CPU.ActiveCfg = Debug|Any CPU
		{BDBC6146-8E4B-423D-B45B-4AA0219EFC11}.Debug|Any CPU.Build.0 = Debug|Any CPU
		{BDBC6146-8E4B-423D-B45B-4AA0219EFC11}.Release|Any CPU.ActiveCfg = Release|Any CPU
		{BDBC6146-8E4B-423D-B45B-4AA0219EFC11}.Release|Any CPU.Build.0 = Release|Any CPU
	EndGlobalSection
	GlobalSection(SolutionProperties) = preSolution
		HideSolutionNode = FALSE
	EndGlobalSection
	GlobalSection(ExtensibilityGlobals) = postSolution
		SolutionGuid = {B9C54F55-8F6D-4468-840D-4AE5D2502829}
	EndGlobalSection
EndGlobal
